
Microsoft Visual Studio Solution File, Format Version 12.00
# Visual Studio Version 17
VisualStudioVersion = 17.5.002.0
MinimumVisualStudioVersion = 10.0.40219.1
Project("{9A19103F-16F7-4668-BE54-9A1E7A4F7556}") = "SkyTrackAPI", "SkyTrackAPI.csproj", "{8258E9CC-B4CC-419B-A949-C0760A77399C}"
EndProject
Global
	GlobalSection(SolutionConfigurationPlatforms) = preSolution
		Debug|Any CPU = Debug|Any CPU
		Release|Any CPU = Release|Any CPU
	EndGlobalSection
	GlobalSection(ProjectConfigurationPlatforms) = postSolution
		{8258E9CC-B4CC-419B-A949-C0760A77399C}.Debug|Any CPU.ActiveCfg = Debug|Any CPU
		{8258E9CC-B4CC-419B-A949-C0760A77399C}.Debug|Any CPU.Build.0 = Debug|Any CPU
		{8258E9CC-B4CC-419B-A949-C0760A77399C}.Release|Any CPU.ActiveCfg = Release|Any CPU
		{8258E9CC-B4CC-419B-A949-C0760A77399C}.Release|Any CPU.Build.0 = Release|Any CPU
	EndGlobalSection
	GlobalSection(SolutionProperties) = preSolution
		HideSolutionNode = FALSE
	EndGlobalSection
	GlobalSection(ExtensibilityGlobals) = postSolution
		SolutionGuid = {12E40EA3-3F5E-4DCB-AE64-5D3BED0003AC}
	EndGlobalSection
EndGlobal
